
Microsoft Visual Studio Solution File, Format Version 12.00
# Visual Studio Version 16
VisualStudioVersion = 16.0.29609.76
MinimumVisualStudioVersion = 10.0.40219.1
Project("{FAE04EC0-301F-11D3-BF4B-00C04F79EFBC}") = "Evaluador_De_Expresiones", "Evaluador_De_Expresiones\Evaluador_De_Expresiones.csproj", "{83058870-1B16-464D-9FF1-B36E99C40420}"
EndProject
Global
	GlobalSection(SolutionConfigurationPlatforms) = preSolution
		Debug|Any CPU = Debug|Any CPU
		Release|Any CPU = Release|Any CPU
	EndGlobalSection
	GlobalSection(ProjectConfigurationPlatforms) = postSolution
		{83058870-1B16-464D-9FF1-B36E99C40420}.Debug|Any CPU.ActiveCfg = Debug|Any CPU
		{83058870-1B16-464D-9FF1-B36E99C40420}.Debug|Any CPU.Build.0 = Debug|Any CPU
		{83058870-1B16-464D-9FF1-B36E99C40420}.Release|Any CPU.ActiveCfg = Release|Any CPU
		{83058870-1B16-464D-9FF1-B36E99C40420}.Release|Any CPU.Build.0 = Release|Any CPU
	EndGlobalSection
	GlobalSection(SolutionProperties) = preSolution
		HideSolutionNode = FALSE
	EndGlobalSection
	GlobalSection(ExtensibilityGlobals) = postSolution
		SolutionGuid = {FA8239D2-D04C-4D41-A7CA-42D0A0F61D51}
	EndGlobalSection
EndGlobal
